
Microsoft Visual Studio Solution File, Format Version 12.00
# Visual Studio Version 16
VisualStudioVersion = 16.0.31702.278
MinimumVisualStudioVersion = 10.0.40219.1
Project("{FAE04EC0-301F-11D3-BF4B-00C04F79EFBC}") = "PM02PG02.Android", "PM02PG02\PM02PG02.Android\PM02PG02.Android.csproj", "{B616F11F-F621-46C1-B250-D87FEC901CD0}"
EndProject
Project("{FAE04EC0-301F-11D3-BF4B-00C04F79EFBC}") = "PM02PG02", "PM02PG02\PM02PG02\PM02PG02.csproj", "{6EBB10F8-14F2-4265-98D5-2FE6094B1FBC}"
EndProject
Global
	GlobalSection(SolutionConfigurationPlatforms) = preSolution
		Debug|Any CPU = Debug|Any CPU
		Release|Any CPU = Release|Any CPU
	EndGlobalSection
	GlobalSection(ProjectConfigurationPlatforms) = postSolution
		{B616F11F-F621-46C1-B250-D87FEC901CD0}.Debug|Any CPU.ActiveCfg = Debug|Any CPU
		{B616F11F-F621-46C1-B250-D87FEC901CD0}.Debug|Any CPU.Build.0 = Debug|Any CPU
		{B616F11F-F621-46C1-B250-D87FEC901CD0}.Debug|Any CPU.Deploy.0 = Debug|Any CPU
		{B616F11F-F621-46C1-B250-D87FEC901CD0}.Release|Any CPU.ActiveCfg = Release|Any CPU
		{B616F11F-F621-46C1-B250-D87FEC901CD0}.Release|Any CPU.Build.0 = Release|Any CPU
		{B616F11F-F621-46C1-B250-D87FEC901CD0}.Release|Any CPU.Deploy.0 = Release|Any CPU
		{6EBB10F8-14F2-4265-98D5-2FE6094B1FBC}.Debug|Any CPU.ActiveCfg = Debug|Any CPU
		{6EBB10F8-14F2-4265-98D5-2FE6094B1FBC}.Debug|Any CPU.Build.0 = Debug|Any CPU
		{6EBB10F8-14F2-4265-98D5-2FE6094B1FBC}.Debug|Any CPU.Deploy.0 = Debug|Any CPU
		{6EBB10F8-14F2-4265-98D5-2FE6094B1FBC}.Release|Any CPU.ActiveCfg = Release|Any CPU
		{6EBB10F8-14F2-4265-98D5-2FE6094B1FBC}.Release|Any CPU.Build.0 = Release|Any CPU
		{6EBB10F8-14F2-4265-98D5-2FE6094B1FBC}.Release|Any CPU.Deploy.0 = Release|Any CPU
	EndGlobalSection
	GlobalSection(SolutionProperties) = preSolution
		HideSolutionNode = FALSE
	EndGlobalSection
	GlobalSection(ExtensibilityGlobals) = postSolution
		SolutionGuid = {D78A2E3D-01CA-4E37-A9CA-6292118A4BD3}
	EndGlobalSection
EndGlobal
